Microsoft Visual Studio Solution File, Format Version 12.00
# Visual Studio Version 17
VisualStudioVersion = 17.5.2.0
MinimumVisualStudioVersion = 10.0.40219.1
Project("{FAE04EC0-301F-11D3-BF4B-00C04F79EFBC}") = "IsLeapBoundaryTests", "IsLeapBoundaryTests.csproj", "{D7F389D6-5615-0D8B-E231-1250F402C871}"
EndProject
Global
	GlobalSection(SolutionConfigurationPlatforms) = preSolution
		Debug|Any CPU = Debug|Any CPU
		Release|Any CPU = Release|Any CPU
	EndGlobalSection
	GlobalSection(ProjectConfigurationPlatforms) = postSolution
		{D7F389D6-5615-0D8B-E231-1250F402C871}.Debug|Any CPU.ActiveCfg = Debug|Any CPU
		{D7F389D6-5615-0D8B-E231-1250F402C871}.Debug|Any CPU.Build.0 = Debug|Any CPU
		{D7F389D6-5615-0D8B-E231-1250F402C871}.Release|Any CPU.ActiveCfg = Release|Any CPU
		{D7F389D6-5615-0D8B-E231-1250F402C871}.Release|Any CPU.Build.0 = Release|Any CPU
	EndGlobalSection
	GlobalSection(SolutionProperties) = preSolution
		HideSolutionNode = FALSE
	EndGlobalSection
	GlobalSection(ExtensibilityGlobals) = postSolution
		SolutionGuid = {4DCC8043-37BD-4B9E-A5F1-024836325DF2}
	EndGlobalSection
EndGlobal
